<?xml version="1.0" encoding="utf-8"?>
<Project ToolsVersion="4.0" xmlns="http://schemas.microsoft.com/developer/msbuild/2003">
  <ItemGroup>
    <Filter Include="Source Files">
      <UniqueIdentifier>{4FC737F1-C7A5-4376-A066-2A32D752A2FF}</UniqueIdentifier>
      <Extensions>cpp;c;cc;cxx;def;odl;idl;hpj;bat;asm;asmx</Extensions>
    </Filter>
    <Filter Include="Resource Files">
      <UniqueIdentifier>{67DA6AB6-F800-4c08-8B7A-83BB121AAD01}</UniqueIdentifier>
      <Extensions>rc;ico;cur;bmp;dlg;rc2;rct;bin;rgs;gif;jpg;jpeg;jpe;resx;tiff;tif;png;wav;mfcribbon-ms</Extensions>
    </Filter>
    <Filter Include="Source Files\Game">
      <UniqueIdentifier>{58eb4799-2f5a-4865-b5ec-d16f34b61b4f}</UniqueIdentifier>
    </Filter>
    <Filter Include="Source Files\Globals">
      <UniqueIdentifier>{a790d3b8-7363-4c6c-bcf0-00210601cd53}</UniqueIdentifier>
    </Filter>
    <Filter Include="Source Files\Lib">
      <UniqueIdentifier>{8c27cb55-289a-45ef-96df-878bdde919f9}</UniqueIdentifier>
    </Filter>
    <Filter Include="Source Files\Managers">
      <UniqueIdentifier>{e79520b1-2c99-4283-a5f8-f838764503a3}</UniqueIdentifier>
    </Filter>
    <Filter Include="Source Files\Game\Screens">
      <UniqueIdentifier>{3c3b34db-2944-4a18-b00e-0195a7dc92e8}</UniqueIdentifier>
    </Filter>
    <Filter Include="Source Files\Game\Logics">
      <UniqueIdentifier>{14b624fc-7d69-4cf6-a7c0-d41603a35b1d}</UniqueIdentifier>
    </Filter>
    <Filter Include="Source Files\Game\Gameplays">
      <UniqueIdentifier>{ddcce708-5003-48a3-9d1a-61d1bb1c25aa}</UniqueIdentifier>
    </Filter>
    <Filter Include="Source Files\Engine">
      <UniqueIdentifier>{01f7e4c2-b658-4e58-b7f4-841e0f7a92a8}</UniqueIdentifier>
    </Filter>
    <Filter Include="Source Files\Game\Entity">
      <UniqueIdentifier>{2f0a96d0-995e-46ef-897c-8dd9460b2164}</UniqueIdentifier>
    </Filter>
    <Filter Include="Source Files\Game\Systems">
      <UniqueIdentifier>{6a02192f-ced0-405f-93ca-4f85fd8e6332}</UniqueIdentifier>
    </Filter>
    <Filter Include="Source Files\Lib\Json">
      <UniqueIdentifier>{11254f7e-64a6-4f16-b165-2dbd2919e95e}</UniqueIdentifier>
    </Filter>
    <Filter Include="Source Files\Game\Particles">
      <UniqueIdentifier>{7d943aee-d4b4-4cd4-b9a2-fdaf0937cc42}</UniqueIdentifier>
    </Filter>
  </ItemGroup>
  <ItemGroup>
    <ClCompile Include="Main.cpp">
      <Filter>Source Files</Filter>
    </ClCompile>
    <ClCompile Include="src\Managers\InputsManager.cpp">
      <Filter>Source Files\Managers</Filter>
    </ClCompile>
    <ClCompile Include="src\Managers\AssetsManager.cpp">
      <Filter>Source Files\Managers</Filter>
    </ClCompile>
    <ClCompile Include="src\Managers\TimerManager.cpp">
      <Filter>Source Files\Managers</Filter>
    </ClCompile>
    <ClCompile Include="src\Gameplay\Boss.cpp">
      <Filter>Source Files\Game\Gameplays</Filter>
    </ClCompile>
    <ClCompile Include="src\Gameplay\Player.cpp">
      <Filter>Source Files\Game\Gameplays</Filter>
    </ClCompile>
    <ClCompile Include="src\Gameplay\Probe.cpp">
      <Filter>Source Files\Game\Gameplays</Filter>
    </ClCompile>
    <ClCompile Include="src\Gameplay\Projectile.cpp">
      <Filter>Source Files\Game\Gameplays</Filter>
    </ClCompile>
    <ClCompile Include="src\Math\Vector2.cpp">
      <Filter>Source Files\Globals</Filter>
    </ClCompile>
    <ClCompile Include="src\Math\Rectangle.cpp">
      <Filter>Source Files\Globals</Filter>
    </ClCompile>
    <ClCompile Include="src\Screens\RoomSelectorScreen.cpp">
      <Filter>Source Files\Game\Screens</Filter>
    </ClCompile>
    <ClCompile Include="src\Screens\LevelScreen.cpp">
      <Filter>Source Files\Game\Screens</Filter>
    </ClCompile>
    <ClCompile Include="src\Gameplay\Weapon.cpp">
      <Filter>Source Files\Game\Gameplays</Filter>
    </ClCompile>
    <ClCompile Include="src\Gameplay\Level.cpp">
      <Filter>Source Files\Game\Logics</Filter>
    </ClCompile>
    <ClCompile Include="src\Gameplay\Game.cpp">
      <Filter>Source Files\Game\Logics</Filter>
    </ClCompile>
  </ItemGroup>
  <ItemGroup>
    <ClInclude Include="include\Managers\AssetsManager.hpp">
      <Filter>Source Files\Managers</Filter>
    </ClInclude>
    <ClInclude Include="include\Managers\InputsManager.hpp">
      <Filter>Source Files\Managers</Filter>
    </ClInclude>
    <ClInclude Include="include\Managers\TimerManager.hpp">
      <Filter>Source Files\Managers</Filter>
    </ClInclude>
    <ClInclude Include="include\Gameplay\Boss.hpp">
      <Filter>Source Files\Game\Gameplays</Filter>
    </ClInclude>
    <ClInclude Include="include\Gameplay\Player.hpp">
      <Filter>Source Files\Game\Gameplays</Filter>
    </ClInclude>
    <ClInclude Include="include\Gameplay\Probe.hpp">
      <Filter>Source Files\Game\Gameplays</Filter>
    </ClInclude>
    <ClInclude Include="include\Gameplay\Projectile.hpp">
      <Filter>Source Files\Game\Gameplays</Filter>
    </ClInclude>
    <ClInclude Include="include\Math\Vector2.hpp">
      <Filter>Source Files\Globals</Filter>
    </ClInclude>
    <ClInclude Include="include\Math\Rectangle.hpp">
      <Filter>Source Files\Globals</Filter>
    </ClInclude>
    <ClInclude Include="include\Screens\RoomSelectorScreen.hpp">
      <Filter>Source Files\Game\Screens</Filter>
    </ClInclude>
    <ClInclude Include="include\Screens\LevelScreen.hpp">
      <Filter>Source Files\Game\Screens</Filter>
    </ClInclude>
    <ClInclude Include="include\Gameplay\Weapon.hpp">
      <Filter>Source Files\Game\Gameplays</Filter>
    </ClInclude>
    <ClInclude Include="include\Gameplay\Level.hpp">
      <Filter>Source Files\Game\Logics</Filter>
    </ClInclude>
    <ClInclude Include="include\Global\Const.hpp">
      <Filter>Source Files\Globals</Filter>
    </ClInclude>
    <ClInclude Include="include\Global\Clock.hpp">
      <Filter>Source Files\Globals</Filter>
    </ClInclude>
    <ClInclude Include="include\Screens\Screen.hpp">
      <Filter>Source Files\Game\Screens</Filter>
    </ClInclude>
    <ClInclude Include="include\Gameplay\Game.hpp">
      <Filter>Source Files\Game\Logics</Filter>
    </ClInclude>
    <ClInclude Include="include\3rd\json.hpp">
      <Filter>Source Files\Lib\Json</Filter>
    </ClInclude>
    <ClInclude Include="include\Gameplay\Patterns.hpp">
      <Filter>Source Files\Game\Gameplays</Filter>
    </ClInclude>
  </ItemGroup>
  <ItemGroup>
    <None Include="..\BossRoom\res\config.json">
      <Filter>Resource Files</Filter>
    </None>
    <None Include="..\.gitignore" />
  </ItemGroup>
</Project>